
Microsoft Visual Studio Solution File, Format Version 12.00
# Visual Studio Version 16
VisualStudioVersion = 16.0.30804.86
MinimumVisualStudioVersion = 10.0.40219.1
Project("{FAE04EC0-301F-11D3-BF4B-00C04F79EFBC}") = "backend", "backend\backend.csproj", "{F63B7045-FA99-46E3-A90C-19E08F902EAD}"
EndProject
Global
	GlobalSection(SolutionConfigurationPlatforms) = preSolution
		Debug|Any CPU = Debug|Any CPU
		Release|Any CPU = Release|Any CPU
	EndGlobalSection
	GlobalSection(ProjectConfigurationPlatforms) = postSolution
		{F63B7045-FA99-46E3-A90C-19E08F902EAD}.Debug|Any CPU.ActiveCfg = Debug|Any CPU
		{F63B7045-FA99-46E3-A90C-19E08F902EAD}.Debug|Any CPU.Build.0 = Debug|Any CPU
		{F63B7045-FA99-46E3-A90C-19E08F902EAD}.Release|Any CPU.ActiveCfg = Release|Any CPU
		{F63B7045-FA99-46E3-A90C-19E08F902EAD}.Release|Any CPU.Build.0 = Release|Any CPU
	EndGlobalSection
	GlobalSection(SolutionProperties) = preSolution
		HideSolutionNode = FALSE
	EndGlobalSection
	GlobalSection(ExtensibilityGlobals) = postSolution
		SolutionGuid = {B28B871F-38EC-4878-A0A4-764738521911}
	EndGlobalSection
EndGlobal
