
Microsoft Visual Studio Solution File, Format Version 12.00
# Visual Studio Version 16
VisualStudioVersion = 16.0.30804.86
MinimumVisualStudioVersion = 10.0.40219.1
Project("{FAE04EC0-301F-11D3-BF4B-00C04F79EFBC}") = "backend", "backend.csproj", "{8E10821D-9851-4464-A88C-9D7DAFFD857A}"
EndProject
Global
	GlobalSection(SolutionConfigurationPlatforms) = preSolution
		Debug|Any CPU = Debug|Any CPU
		Release|Any CPU = Release|Any CPU
	EndGlobalSection
	GlobalSection(ProjectConfigurationPlatforms) = postSolution
		{8E10821D-9851-4464-A88C-9D7DAFFD857A}.Debug|Any CPU.ActiveCfg = Debug|Any CPU
		{8E10821D-9851-4464-A88C-9D7DAFFD857A}.Debug|Any CPU.Build.0 = Debug|Any CPU
		{8E10821D-9851-4464-A88C-9D7DAFFD857A}.Release|Any CPU.ActiveCfg = Release|Any CPU
		{8E10821D-9851-4464-A88C-9D7DAFFD857A}.Release|Any CPU.Build.0 = Release|Any CPU
	EndGlobalSection
	GlobalSection(SolutionProperties) = preSolution
		HideSolutionNode = FALSE
	EndGlobalSection
	GlobalSection(ExtensibilityGlobals) = postSolution
		SolutionGuid = {6E8710A2-201F-4C18-B3F4-AE83808E7319}
	EndGlobalSection
EndGlobal
